
Microsoft Visual Studio Solution File, Format Version 12.00
# Visual Studio Version 16
VisualStudioVersion = 16.0.31205.134
MinimumVisualStudioVersion = 10.0.40219.1
Project("{FAE04EC0-301F-11D3-BF4B-00C04F79EFBC}") = "MediatorApi", "MediatorApi\MediatorApi.csproj", "{B1825DBC-C352-491C-A4E0-A5CF439B5647}"
EndProject
Project("{FAE04EC0-301F-11D3-BF4B-00C04F79EFBC}") = "mediator.application", "mediator.application\mediator.application.csproj", "{7781DA5C-4C3A-4EFF-B4BF-41C535D6911A}"
EndProject
Project("{FAE04EC0-301F-11D3-BF4B-00C04F79EFBC}") = "mediator.repositoy", "mediator.repositoy\mediator.repositoy.csproj", "{AD1B2DD8-25A7-44D7-9ADB-D87C573BF95B}"
EndProject
Project("{FAE04EC0-301F-11D3-BF4B-00C04F79EFBC}") = "mediator.dbo", "mediator.dbo\mediator.dbo.csproj", "{A03459AD-7F8C-4CAA-89CA-528FB67922D2}"
EndProject
Global
	GlobalSection(SolutionConfigurationPlatforms) = preSolution
		Debug|Any CPU = Debug|Any CPU
		Release|Any CPU = Release|Any CPU
	EndGlobalSection
	GlobalSection(ProjectConfigurationPlatforms) = postSolution
		{B1825DBC-C352-491C-A4E0-A5CF439B5647}.Debug|Any CPU.ActiveCfg = Debug|Any CPU
		{B1825DBC-C352-491C-A4E0-A5CF439B5647}.Debug|Any CPU.Build.0 = Debug|Any CPU
		{B1825DBC-C352-491C-A4E0-A5CF439B5647}.Release|Any CPU.ActiveCfg = Release|Any CPU
		{B1825DBC-C352-491C-A4E0-A5CF439B5647}.Release|Any CPU.Build.0 = Release|Any CPU
		{7781DA5C-4C3A-4EFF-B4BF-41C535D6911A}.Debug|Any CPU.ActiveCfg = Debug|Any CPU
		{7781DA5C-4C3A-4EFF-B4BF-41C535D6911A}.Debug|Any CPU.Build.0 = Debug|Any CPU
		{7781DA5C-4C3A-4EFF-B4BF-41C535D6911A}.Release|Any CPU.ActiveCfg = Release|Any CPU
		{7781DA5C-4C3A-4EFF-B4BF-41C535D6911A}.Release|Any CPU.Build.0 = Release|Any CPU
		{AD1B2DD8-25A7-44D7-9ADB-D87C573BF95B}.Debug|Any CPU.ActiveCfg = Debug|Any CPU
		{AD1B2DD8-25A7-44D7-9ADB-D87C573BF95B}.Debug|Any CPU.Build.0 = Debug|Any CPU
		{AD1B2DD8-25A7-44D7-9ADB-D87C573BF95B}.Release|Any CPU.ActiveCfg = Release|Any CPU
		{AD1B2DD8-25A7-44D7-9ADB-D87C573BF95B}.Release|Any CPU.Build.0 = Release|Any CPU
		{A03459AD-7F8C-4CAA-89CA-528FB67922D2}.Debug|Any CPU.ActiveCfg = Debug|Any CPU
		{A03459AD-7F8C-4CAA-89CA-528FB67922D2}.Debug|Any CPU.Build.0 = Debug|Any CPU
		{A03459AD-7F8C-4CAA-89CA-528FB67922D2}.Release|Any CPU.ActiveCfg = Release|Any CPU
		{A03459AD-7F8C-4CAA-89CA-528FB67922D2}.Release|Any CPU.Build.0 = Release|Any CPU
	EndGlobalSection
	GlobalSection(SolutionProperties) = preSolution
		HideSolutionNode = FALSE
	EndGlobalSection
	GlobalSection(ExtensibilityGlobals) = postSolution
		SolutionGuid = {C794A69B-CC62-4CBD-9F7F-1C3123C3124D}
	EndGlobalSection
EndGlobal
